
Microsoft Visual Studio Solution File, Format Version 12.00
# Visual Studio Version 17
VisualStudioVersion = 17.7.34031.279
MinimumVisualStudioVersion = 10.0.40219.1
Project("{FAE04EC0-301F-11D3-BF4B-00C04F79EFBC}") = "Pizza", "Pizza\Pizza.csproj", "{4A6AA31F-D2BA-4B51-87B1-8FB2D73CD4CE}"
EndProject
Global
	GlobalSection(SolutionConfigurationPlatforms) = preSolution
		Debug|Any CPU = Debug|Any CPU
		Release|Any CPU = Release|Any CPU
	EndGlobalSection
	GlobalSection(ProjectConfigurationPlatforms) = postSolution
		{4A6AA31F-D2BA-4B51-87B1-8FB2D73CD4CE}.Debug|Any CPU.ActiveCfg = Debug|Any CPU
		{4A6AA31F-D2BA-4B51-87B1-8FB2D73CD4CE}.Debug|Any CPU.Build.0 = Debug|Any CPU
		{4A6AA31F-D2BA-4B51-87B1-8FB2D73CD4CE}.Release|Any CPU.ActiveCfg = Release|Any CPU
		{4A6AA31F-D2BA-4B51-87B1-8FB2D73CD4CE}.Release|Any CPU.Build.0 = Release|Any CPU
	EndGlobalSection
	GlobalSection(SolutionProperties) = preSolution
		HideSolutionNode = FALSE
	EndGlobalSection
	GlobalSection(ExtensibilityGlobals) = postSolution
		SolutionGuid = {1FD41983-12AB-4F65-8D6A-0AE08E3C4B5F}
	EndGlobalSection
EndGlobal
